// !$*UTF8*$!
{
	archiveVersion = 1;
	classes = {
	};
	objectVersion = 56;
	objects = {

/* Begin PBXBuildFile section */
		B10000000000000000000001 = {isa = PBXBuildFile; fileRef = B20000000000000000000001; };
		B10000000000000000000002 = {isa = PBXBuildFile; fileRef = B20000000000000000000001; };
		B10000000000000000000003 = {isa = PBXBuildFile; fileRef = B20000000000000000000002; };
		B10000000000000000000004 = {isa = PBXBuildFile; fileRef = B20000000000000000000003; settings = {ATTRIBUTES = (RemoveHeadersOnCopy, ); }; };
		A10000000000000000000011 /* Assets.xcassets in Resources */ = {isa = PBXBuildFile; fileRef = A20000000000000000000011 /* Assets.xcassets */; };
		A10000000000000000000001 /* UniversalTaskManagerApp.swift in Sources */ = {isa = PBXBuildFile; fileRef = A20000000000000000000001 /* UniversalTaskManagerApp.swift */; };
		A10000000000000000000002 /* ContentView.swift in Sources */ = {isa = PBXBuildFile; fileRef = A20000000000000000000002 /* ContentView.swift */; };
		A10000000000000000000003 /* WebAppView.swift in Sources */ = {isa = PBXBuildFile; fileRef = A20000000000000000000003 /* WebAppView.swift */; };
		A10000000000000000000004 /* LocalWebServer.swift in Sources */ = {isa = PBXBuildFile; fileRef = A20000000000000000000004 /* LocalWebServer.swift */; };
		A10000000000000000000005 /* ICloudBackupStore.swift in Sources */ = {isa = PBXBuildFile; fileRef = A20000000000000000000007 /* ICloudBackupStore.swift */; };
		A10000000000000000000006 /* NativeBackupBridge.swift in Sources */ = {isa = PBXBuildFile; fileRef = A20000000000000000000008 /* NativeBackupBridge.swift */; };
		A10000000000000000000007 /* NativeReminderBridge.swift in Sources */ = {isa = PBXBuildFile; fileRef = A20000000000000000000010 /* NativeReminderBridge.swift */; };
/* End PBXBuildFile section */

/* Begin PBXFileReference section */
		B20000000000000000000001 = {isa = PBXFileReference; lastKnownFileType = sourcecode.swift; path = UniversalTaskManager/AgendaWidgetStore.swift; sourceTree = SOURCE_ROOT; };
		B20000000000000000000002 = {isa = PBXFileReference; lastKnownFileType = sourcecode.swift; path = AgendaWidget/AgendaWidget.swift; sourceTree = SOURCE_ROOT; };
		B20000000000000000000003 = {isa = PBXFileReference; explicitFileType = "wrapper.app-extension"; path = AgendaWidget.appex; sourceTree = BUILT_PRODUCTS_DIR; };
		A20000000000000000000011 /* Assets.xcassets */ = {isa = PBXFileReference; lastKnownFileType = folder.assetcatalog; path = Assets.xcassets; sourceTree = "<group>"; };
		A20000000000000000000001 /* UniversalTaskManagerApp.swift */ = {isa = PBXFileReference; lastKnownFileType = sourcecode.swift; path = UniversalTaskManagerApp.swift; sourceTree = "<group>"; };
		A20000000000000000000002 /* ContentView.swift */ = {isa = PBXFileReference; lastKnownFileType = sourcecode.swift; path = ContentView.swift; sourceTree = "<group>"; };
		A20000000000000000000003 /* WebAppView.swift */ = {isa = PBXFileReference; lastKnownFileType = sourcecode.swift; path = WebAppView.swift; sourceTree = "<group>"; };
		A20000000000000000000004 /* LocalWebServer.swift */ = {isa = PBXFileReference; lastKnownFileType = sourcecode.swift; path = LocalWebServer.swift; sourceTree = "<group>"; };
		A20000000000000000000005 /* Info.plist */ = {isa = PBXFileReference; lastKnownFileType = text.plist.xml; path = Info.plist; sourceTree = "<group>"; };
		A20000000000000000000006 /* UniversalTaskManager.app */ = {isa = PBXFileReference; explicitFileType = wrapper.application; includeInIndex = 0; path = UniversalTaskManager.app; sourceTree = BUILT_PRODUCTS_DIR; };
		A20000000000000000000007 /* ICloudBackupStore.swift */ = {isa = PBXFileReference; lastKnownFileType = sourcecode.swift; path = ICloudBackupStore.swift; sourceTree = "<group>"; };
		A20000000000000000000008 /* NativeBackupBridge.swift */ = {isa = PBXFileReference; lastKnownFileType = sourcecode.swift; path = NativeBackupBridge.swift; sourceTree = "<group>"; };
		A20000000000000000000009 /* UniversalTaskManager.entitlements */ = {isa = PBXFileReference; lastKnownFileType = text.plist.entitlements; path = UniversalTaskManager.entitlements; sourceTree = "<group>"; };
		A20000000000000000000010 /* NativeReminderBridge.swift */ = {isa = PBXFileReference; lastKnownFileType = sourcecode.swift; path = NativeReminderBridge.swift; sourceTree = "<group>"; };
/* End PBXFileReference section */

/* Begin PBXFrameworksBuildPhase section */
		A30000000000000000000001 /* Frameworks */ = {
			isa = PBXFrameworksBuildPhase;
			buildActionMask = 2147483647;
			files = (
			);
			runOnlyForDeploymentPostprocessing = 0;
		};
/* End PBXFrameworksBuildPhase section */

/* Begin PBXGroup section */
		A40000000000000000000001 = {
			isa = PBXGroup;
			children = (
				A40000000000000000000002 /* UniversalTaskManager */,
				A40000000000000000000003 /* Products */,
				B20000000000000000000001,
				B20000000000000000000002,
			);
			sourceTree = "<group>";
		};
		A40000000000000000000002 /* UniversalTaskManager */ = {
			isa = PBXGroup;
			children = (
				A20000000000000000000001 /* UniversalTaskManagerApp.swift */,
				A20000000000000000000002 /* ContentView.swift */,
				A20000000000000000000003 /* WebAppView.swift */,
				A20000000000000000000004 /* LocalWebServer.swift */,
				A20000000000000000000007 /* ICloudBackupStore.swift */,
				A20000000000000000000008 /* NativeBackupBridge.swift */,
				A20000000000000000000010 /* NativeReminderBridge.swift */,
				A20000000000000000000009 /* UniversalTaskManager.entitlements */,
				A20000000000000000000005 /* Info.plist */,
				A20000000000000000000011 /* Assets.xcassets */,
			);
			path = UniversalTaskManager;
			sourceTree = "<group>";
		};
		A40000000000000000000003 /* Products */ = {
			isa = PBXGroup;
			children = (
				A20000000000000000000006 /* UniversalTaskManager.app */,
				B20000000000000000000003,
			);
			name = Products;
			sourceTree = "<group>";
		};
/* End PBXGroup section */

/* Begin PBXNativeTarget section */
		B50000000000000000000001 = {isa = PBXNativeTarget; buildConfigurationList = B90000000000000000000001; buildPhases = (B60000000000000000000001, ); buildRules = (); dependencies = (); name = AgendaWidget; productName = AgendaWidget; productReference = B20000000000000000000003; productType = "com.apple.product-type.app-extension"; };
		A50000000000000000000001 /* UniversalTaskManager */ = {
			isa = PBXNativeTarget;
			buildConfigurationList = A90000000000000000000002 /* Build configuration list for PBXNativeTarget "UniversalTaskManager" */;
			buildPhases = (
				A60000000000000000000001 /* Sources */,
				A30000000000000000000001 /* Frameworks */,
				AB0000000000000000000001 /* Resources */,
				A70000000000000000000001 /* Package local web app */,
				B60000000000000000000002 /* Embed widget */,
			);
			buildRules = (
			);
			dependencies = (
				B70000000000000000000001,
			);
			name = UniversalTaskManager;
			productName = UniversalTaskManager;
			productReference = A20000000000000000000006 /* UniversalTaskManager.app */;
			productType = "com.apple.product-type.application";
		};
/* End PBXNativeTarget section */

/* Begin PBXProject section */
		AB0000000000000000000001 /* Resources */ = {
			isa = PBXResourcesBuildPhase;
			buildActionMask = 2147483647;
			files = (A10000000000000000000011 /* Assets.xcassets in Resources */,);
			runOnlyForDeploymentPostprocessing = 0;
		};
		A80000000000000000000001 /* Project object */ = {
			isa = PBXProject;
			attributes = {
				BuildIndependentTargetsInParallel = 1;
				LastSwiftUpdateCheck = 1600;
				LastUpgradeCheck = 2660;
				TargetAttributes = {
					A50000000000000000000001 = {
						CreatedOnToolsVersion = 16.0;
					};
				};
			};
			buildConfigurationList = A90000000000000000000001 /* Build configuration list for PBXProject "UniversalTaskManager" */;
			compatibilityVersion = "Xcode 14.0";
			developmentRegion = en;
			hasScannedForEncodings = 0;
			knownRegions = (
				en,
				Base,
			);
			mainGroup = A40000000000000000000001;
			productRefGroup = A40000000000000000000003 /* Products */;
			projectDirPath = "";
			projectRoot = "";
			targets = (
				A50000000000000000000001 /* UniversalTaskManager */,
				B50000000000000000000001,
			);
		};
/* End PBXProject section */

/* Begin PBXShellScriptBuildPhase section */
		A70000000000000000000001 /* Package local web app */ = {
			isa = PBXShellScriptBuildPhase;
			alwaysOutOfDate = 1;
			buildActionMask = 2147483647;
			files = (
			);
			inputPaths = (
			);
			name = "Package local web app";
			outputPaths = (
				"$(TARGET_BUILD_DIR)/$(UNLOCALIZED_RESOURCES_FOLDER_PATH)/WebApp/index.html",
			);
			runOnlyForDeploymentPostprocessing = 0;
			shellPath = /bin/sh;
			shellScript = "set -eu\nexport PATH=\"/opt/homebrew/bin:/usr/local/bin:$PATH\"\ncd \"$SRCROOT/..\"\nif command -v pnpm >/dev/null 2>&1; then\n  pnpm ios:prepare\nelif command -v corepack >/dev/null 2>&1; then\n  corepack pnpm ios:prepare\nelse\n  echo \"error: pnpm or corepack is required to package the web app\" >&2\n  exit 1\nfi\nSOURCE=\"$SRCROOT/UniversalTaskManager/Generated/WebApp/\"\nDESTINATION=\"$TARGET_BUILD_DIR/$UNLOCALIZED_RESOURCES_FOLDER_PATH/WebApp/\"\nmkdir -p \"$DESTINATION\"\n/usr/bin/rsync -a --delete \"$SOURCE\" \"$DESTINATION\"\n";
		};
/* End PBXShellScriptBuildPhase section */

/* Begin PBXSourcesBuildPhase section */
		B60000000000000000000001 = {isa = PBXSourcesBuildPhase; buildActionMask = 2147483647; files = (B10000000000000000000002, B10000000000000000000003, ); runOnlyForDeploymentPostprocessing = 0; };
		A60000000000000000000001 /* Sources */ = {
			isa = PBXSourcesBuildPhase;
			buildActionMask = 2147483647;
			files = (
				A10000000000000000000001 /* UniversalTaskManagerApp.swift in Sources */,
				A10000000000000000000002 /* ContentView.swift in Sources */,
				A10000000000000000000003 /* WebAppView.swift in Sources */,
				A10000000000000000000004 /* LocalWebServer.swift in Sources */,
				A10000000000000000000005 /* ICloudBackupStore.swift in Sources */,
				A10000000000000000000006 /* NativeBackupBridge.swift in Sources */,
				A10000000000000000000007 /* NativeReminderBridge.swift in Sources */,
				B10000000000000000000001,
			);
			runOnlyForDeploymentPostprocessing = 0;
		};
/* End PBXSourcesBuildPhase section */
		B60000000000000000000002 = {isa = PBXCopyFilesBuildPhase; buildActionMask = 2147483647; dstPath = ""; dstSubfolderSpec = 13; files = (B10000000000000000000004, ); name = "Embed widget"; runOnlyForDeploymentPostprocessing = 0; };
		B70000000000000000000001 = {isa = PBXTargetDependency; target = B50000000000000000000001; targetProxy = B70000000000000000000002; };
		B70000000000000000000002 = {isa = PBXContainerItemProxy; containerPortal = A80000000000000000000001; proxyType = 1; remoteGlobalIDString = B50000000000000000000001; remoteInfo = AgendaWidget; };

/* Begin XCBuildConfiguration section */
		BA0000000000000000000001 = {isa = XCBuildConfiguration; name = Debug; buildSettings = {APPLICATION_EXTENSION_API_ONLY = YES; CODE_SIGN_ENTITLEMENTS = AgendaWidget/AgendaWidget.entitlements; CODE_SIGN_STYLE = Automatic; CURRENT_PROJECT_VERSION = 1; DEVELOPMENT_TEAM = 9686Z4Y482; INFOPLIST_FILE = AgendaWidget/Info.plist; IPHONEOS_DEPLOYMENT_TARGET = 17.0; LD_RUNPATH_SEARCH_PATHS = ("$(inherited)", "@executable_path/Frameworks", "@executable_path/../../Frameworks", ); MARKETING_VERSION = 3.1.7; PRODUCT_BUNDLE_IDENTIFIER = "dev.universal-task-manager.ios.agenda"; PRODUCT_NAME = "$(TARGET_NAME)"; REGISTER_APP_GROUPS = YES; SDKROOT = iphoneos; SKIP_INSTALL = YES; SUPPORTED_PLATFORMS = "iphoneos iphonesimulator"; SWIFT_ACTIVE_COMPILATION_CONDITIONS = "$(inherited) WIDGET_EXTENSION"; SWIFT_VERSION = 5.0; TARGETED_DEVICE_FAMILY = "1,2"; }; };
		BA0000000000000000000002 = {isa = XCBuildConfiguration; name = Release; buildSettings = {APPLICATION_EXTENSION_API_ONLY = YES; CODE_SIGN_ENTITLEMENTS = AgendaWidget/AgendaWidget.entitlements; CODE_SIGN_STYLE = Automatic; CURRENT_PROJECT_VERSION = 1; DEVELOPMENT_TEAM = 9686Z4Y482; INFOPLIST_FILE = AgendaWidget/Info.plist; IPHONEOS_DEPLOYMENT_TARGET = 17.0; LD_RUNPATH_SEARCH_PATHS = ("$(inherited)", "@executable_path/Frameworks", "@executable_path/../../Frameworks", ); MARKETING_VERSION = 3.1.7; PRODUCT_BUNDLE_IDENTIFIER = "dev.universal-task-manager.ios.agenda"; PRODUCT_NAME = "$(TARGET_NAME)"; REGISTER_APP_GROUPS = YES; SDKROOT = iphoneos; SKIP_INSTALL = YES; SUPPORTED_PLATFORMS = "iphoneos iphonesimulator"; SWIFT_ACTIVE_COMPILATION_CONDITIONS = "$(inherited) WIDGET_EXTENSION"; SWIFT_VERSION = 5.0; TARGETED_DEVICE_FAMILY = "1,2"; }; };
		AA0000000000000000000001 /* Debug */ = {
			isa = XCBuildConfiguration;
			buildSettings = {
				ALWAYS_SEARCH_USER_PATHS = NO;
				CLANG_ENABLE_MODULES = YES;
				CLANG_ENABLE_OBJC_ARC = YES;
				CLANG_WARN_BLOCK_CAPTURE_AUTORELEASING = YES;
				CLANG_WARN_BOOL_CONVERSION = YES;
				CLANG_WARN_COMMA = YES;
				CLANG_WARN_CONSTANT_CONVERSION = YES;
				CLANG_WARN_DEPRECATED_OBJC_IMPLEMENTATIONS = YES;
				CLANG_WARN_EMPTY_BODY = YES;
				CLANG_WARN_ENUM_CONVERSION = YES;
				CLANG_WARN_INFINITE_RECURSION = YES;
				CLANG_WARN_INT_CONVERSION = YES;
				CLANG_WARN_NON_LITERAL_NULL_CONVERSION = YES;
				CLANG_WARN_OBJC_IMPLICIT_RETAIN_SELF = YES;
				CLANG_WARN_OBJC_LITERAL_CONVERSION = YES;
				CLANG_WARN_QUOTED_INCLUDE_IN_FRAMEWORK_HEADER = YES;
				CLANG_WARN_RANGE_LOOP_ANALYSIS = YES;
				CLANG_WARN_STRICT_PROTOTYPES = YES;
				CLANG_WARN_SUSPICIOUS_MOVE = YES;
				CLANG_WARN_UNREACHABLE_CODE = YES;
				CLANG_WARN__DUPLICATE_METHOD_MATCH = YES;
				COPY_PHASE_STRIP = NO;
				DEAD_CODE_STRIPPING = YES;
				DEBUG_INFORMATION_FORMAT = dwarf;
				ENABLE_STRICT_OBJC_MSGSEND = YES;
				ENABLE_TESTABILITY = YES;
				GCC_C_LANGUAGE_STANDARD = gnu17;
				GCC_NO_COMMON_BLOCKS = YES;
				GCC_OPTIMIZATION_LEVEL = 0;
				GCC_WARN_64_TO_32_BIT_CONVERSION = YES;
				GCC_WARN_ABOUT_RETURN_TYPE = YES;
				GCC_WARN_UNDECLARED_SELECTOR = YES;
				GCC_WARN_UNINITIALIZED_AUTOS = YES;
				GCC_WARN_UNUSED_FUNCTION = YES;
				GCC_WARN_UNUSED_VARIABLE = YES;
				ONLY_ACTIVE_ARCH = YES;
				STRING_CATALOG_GENERATE_SYMBOLS = YES;
				SWIFT_ACTIVE_COMPILATION_CONDITIONS = DEBUG;
				SWIFT_OPTIMIZATION_LEVEL = "-Onone";
			};
			name = Debug;
		};
		AA0000000000000000000002 /* Release */ = {
			isa = XCBuildConfiguration;
			buildSettings = {
				ALWAYS_SEARCH_USER_PATHS = NO;
				CLANG_ENABLE_MODULES = YES;
				CLANG_ENABLE_OBJC_ARC = YES;
				CLANG_WARN_BLOCK_CAPTURE_AUTORELEASING = YES;
				CLANG_WARN_BOOL_CONVERSION = YES;
				CLANG_WARN_COMMA = YES;
				CLANG_WARN_CONSTANT_CONVERSION = YES;
				CLANG_WARN_DEPRECATED_OBJC_IMPLEMENTATIONS = YES;
				CLANG_WARN_EMPTY_BODY = YES;
				CLANG_WARN_ENUM_CONVERSION = YES;
				CLANG_WARN_INFINITE_RECURSION = YES;
				CLANG_WARN_INT_CONVERSION = YES;
				CLANG_WARN_NON_LITERAL_NULL_CONVERSION = YES;
				CLANG_WARN_OBJC_IMPLICIT_RETAIN_SELF = YES;
				CLANG_WARN_OBJC_LITERAL_CONVERSION = YES;
				CLANG_WARN_QUOTED_INCLUDE_IN_FRAMEWORK_HEADER = YES;
				CLANG_WARN_RANGE_LOOP_ANALYSIS = YES;
				CLANG_WARN_STRICT_PROTOTYPES = YES;
				CLANG_WARN_SUSPICIOUS_MOVE = YES;
				CLANG_WARN_UNREACHABLE_CODE = YES;
				CLANG_WARN__DUPLICATE_METHOD_MATCH = YES;
				COPY_PHASE_STRIP = YES;
				DEAD_CODE_STRIPPING = YES;
				DEBUG_INFORMATION_FORMAT = "dwarf-with-dsym";
				ENABLE_NS_ASSERTIONS = NO;
				ENABLE_STRICT_OBJC_MSGSEND = YES;
				GCC_C_LANGUAGE_STANDARD = gnu17;
				GCC_NO_COMMON_BLOCKS = YES;
				GCC_WARN_64_TO_32_BIT_CONVERSION = YES;
				GCC_WARN_ABOUT_RETURN_TYPE = YES;
				GCC_WARN_UNDECLARED_SELECTOR = YES;
				GCC_WARN_UNINITIALIZED_AUTOS = YES;
				GCC_WARN_UNUSED_FUNCTION = YES;
				GCC_WARN_UNUSED_VARIABLE = YES;
				STRING_CATALOG_GENERATE_SYMBOLS = YES;
				SWIFT_COMPILATION_MODE = wholemodule;
				SWIFT_OPTIMIZATION_LEVEL = "-O";
			};
			name = Release;
		};
		AA0000000000000000000003 /* Debug */ = {
			isa = XCBuildConfiguration;
			buildSettings = {
				CODE_SIGN_ENTITLEMENTS = UniversalTaskManager/UniversalTaskManager.Debug.entitlements;
				ASSETCATALOG_COMPILER_APPICON_NAME = AppIcon;
				CODE_SIGN_IDENTITY = "Apple Development";
				CODE_SIGN_STYLE = Automatic;
				CURRENT_PROJECT_VERSION = 1;
				DEVELOPMENT_TEAM = 9686Z4Y482;
				ENABLE_USER_SCRIPT_SANDBOXING = NO;
				INFOPLIST_FILE = UniversalTaskManager/Info.plist;
				IPHONEOS_DEPLOYMENT_TARGET = 17.0;
				LD_RUNPATH_SEARCH_PATHS = (
					"$(inherited)",
					"@executable_path/Frameworks",
				);
				MARKETING_VERSION = 3.1.7;
				PRODUCT_BUNDLE_IDENTIFIER = "dev.universal-task-manager.ios";
				GOOGLE_IOS_CLIENT_ID = "862892546789-7u2j6n2tkbjs4lp5rqe84t8ecgaktd00.apps.googleusercontent.com";
				GOOGLE_IOS_REVERSED_CLIENT_ID = "com.googleusercontent.apps.862892546789-7u2j6n2tkbjs4lp5rqe84t8ecgaktd00";
				PRODUCT_NAME = "$(TARGET_NAME)";
				PROVISIONING_PROFILE_SPECIFIER = "";
				SDKROOT = iphoneos;
				SUPPORTED_PLATFORMS = "iphoneos iphonesimulator";
				SUPPORTS_MACCATALYST = NO;
				SWIFT_EMIT_LOC_STRINGS = YES;
				SWIFT_VERSION = 5.0;
				TARGETED_DEVICE_FAMILY = "1,2";
			};
			name = Debug;
		};
		AA0000000000000000000004 /* Release */ = {
			isa = XCBuildConfiguration;
			buildSettings = {
				CODE_SIGN_ENTITLEMENTS = UniversalTaskManager/UniversalTaskManager.entitlements;
				ASSETCATALOG_COMPILER_APPICON_NAME = AppIcon;
				CODE_SIGN_IDENTITY = "Apple Development";
				CODE_SIGN_STYLE = Automatic;
				CURRENT_PROJECT_VERSION = 1;
				DEVELOPMENT_TEAM = 9686Z4Y482;
				ENABLE_USER_SCRIPT_SANDBOXING = NO;
				INFOPLIST_FILE = UniversalTaskManager/Info.plist;
				IPHONEOS_DEPLOYMENT_TARGET = 17.0;
				LD_RUNPATH_SEARCH_PATHS = (
					"$(inherited)",
					"@executable_path/Frameworks",
				);
				MARKETING_VERSION = 3.1.7;
				PRODUCT_BUNDLE_IDENTIFIER = "dev.universal-task-manager.ios";
				GOOGLE_IOS_CLIENT_ID = "862892546789-7u2j6n2tkbjs4lp5rqe84t8ecgaktd00.apps.googleusercontent.com";
				GOOGLE_IOS_REVERSED_CLIENT_ID = "com.googleusercontent.apps.862892546789-7u2j6n2tkbjs4lp5rqe84t8ecgaktd00";
				PRODUCT_NAME = "$(TARGET_NAME)";
				PROVISIONING_PROFILE_SPECIFIER = "";
				SDKROOT = iphoneos;
				SUPPORTED_PLATFORMS = "iphoneos iphonesimulator";
				SUPPORTS_MACCATALYST = NO;
				SWIFT_EMIT_LOC_STRINGS = YES;
				SWIFT_VERSION = 5.0;
				TARGETED_DEVICE_FAMILY = "1,2";
			};
			name = Release;
		};
/* End XCBuildConfiguration section */

/* Begin XCConfigurationList section */
		B90000000000000000000001 = {isa = XCConfigurationList; buildConfigurations = (BA0000000000000000000001, BA0000000000000000000002, ); defaultConfigurationIsVisible = 0; defaultConfigurationName = Release; };
		A90000000000000000000001 /* Build configuration list for PBXProject "UniversalTaskManager" */ = {
			isa = XCConfigurationList;
			buildConfigurations = (
				AA0000000000000000000001 /* Debug */,
				AA0000000000000000000002 /* Release */,
			);
			defaultConfigurationIsVisible = 0;
			defaultConfigurationName = Release;
		};
		A90000000000000000000002 /* Build configuration list for PBXNativeTarget "UniversalTaskManager" */ = {
			isa = XCConfigurationList;
			buildConfigurations = (
				AA0000000000000000000003 /* Debug */,
				AA0000000000000000000004 /* Release */,
			);
			defaultConfigurationIsVisible = 0;
			defaultConfigurationName = Release;
		};
/* End XCConfigurationList section */
	};
	rootObject = A80000000000000000000001 /* Project object */;
}
